{
  "lockfile-version": 1,
  "manifest": {
    "version": 1,
    "install": {
      "typst": {
        "pkg-path": "typst"
      }
    },
    "hook": {},
    "profile": {},
    "options": {}
  },
  "packages": [
    {
      "attr_path": "typst",
      "broken": false,
      "derivation": "/nix/store/985pyh0ai4h82r9gywlm7m10vi8lx58w-typst-0.14.2.drv",
      "description": "New markup-based typesetting system that is powerful and easy to learn",
      "install_id": "typst",
      "license": "Apache-2.0",
      "locked_url": "https://github.com/flox/nixpkgs?rev=bfc1b8a4574108ceef22f02bafcf6611380c100d",
      "name": "typst-0.14.2",
      "pname": "typst",
      "rev": "bfc1b8a4574108ceef22f02bafcf6611380c100d",
      "rev_count": 935279,
      "rev_date": "2026-01-26T21:10:04Z",
      "scrape_date": "2026-01-29T04:37:31.120690Z",
      "stabilities": [
        "unstable"
      ],
      "unfree": false,
      "version": "0.14.2",
      "outputs_to_install": [
        "out"
      ],
      "outputs": {
        "out": "/nix/store/r9v49ljxwk8sv2gw44ik819zwlcvc7g8-typst-0.14.2"
      },
      "system": "aarch64-darwin",
      "group": "toplevel",
      "priority": 5
    },
    {
      "attr_path": "typst",
      "broken": false,
      "derivation": "/nix/store/l6nm8xbdpg8hjjw20778g4n5h3vh1rvg-typst-0.14.2.drv",
      "description": "New markup-based typesetting system that is powerful and easy to learn",
      "install_id": "typst",
      "license": "Apache-2.0",
      "locked_url": "https://github.com/flox/nixpkgs?rev=bfc1b8a4574108ceef22f02bafcf6611380c100d",
      "name": "typst-0.14.2",
      "pname": "typst",
      "rev": "bfc1b8a4574108ceef22f02bafcf6611380c100d",
      "rev_count": 935279,
      "rev_date": "2026-01-26T21:10:04Z",
      "scrape_date": "2026-01-29T05:07:53.610023Z",
      "stabilities": [
        "unstable"
      ],
      "unfree": false,
      "version": "0.14.2",
      "outputs_to_install": [
        "out"
      ],
      "outputs": {
        "out": "/nix/store/84a3qfszm66ckfrv683gr36yq4z467jd-typst-0.14.2"
      },
      "system": "aarch64-linux",
      "group": "toplevel",
      "priority": 5
    },
    {
      "attr_path": "typst",
      "broken": false,
      "derivation": "/nix/store/l19vqflh2lm7dxjixhcyg3zqqfv53rak-typst-0.14.2.drv",
      "description": "New markup-based typesetting system that is powerful and easy to learn",
      "install_id": "typst",
      "license": "Apache-2.0",
      "locked_url": "https://github.com/flox/nixpkgs?rev=bfc1b8a4574108ceef22f02bafcf6611380c100d",
      "name": "typst-0.14.2",
      "pname": "typst",
      "rev": "bfc1b8a4574108ceef22f02bafcf6611380c100d",
      "rev_count": 935279,
      "rev_date": "2026-01-26T21:10:04Z",
      "scrape_date": "2026-01-29T05:35:11.121008Z",
      "stabilities": [
        "unstable"
      ],
      "unfree": false,
      "version": "0.14.2",
      "outputs_to_install": [
        "out"
      ],
      "outputs": {
        "out": "/nix/store/5639miv6nf9sabjlkc085nz45casbzhm-typst-0.14.2"
      },
      "system": "x86_64-darwin",
      "group": "toplevel",
      "priority": 5
    },
    {
      "attr_path": "typst",
      "broken": false,
      "derivation": "/nix/store/3fjfpz3s0wnmjmb9niip0g05zsh07abm-typst-0.14.2.drv",
      "description": "New markup-based typesetting system that is powerful and easy to learn",
      "install_id": "typst",
      "license": "Apache-2.0",
      "locked_url": "https://github.com/flox/nixpkgs?rev=bfc1b8a4574108ceef22f02bafcf6611380c100d",
      "name": "typst-0.14.2",
      "pname": "typst",
      "rev": "bfc1b8a4574108ceef22f02bafcf6611380c100d",
      "rev_count": 935279,
      "rev_date": "2026-01-26T21:10:04Z",
      "scrape_date": "2026-01-29T06:09:13.270758Z",
      "stabilities": [
        "unstable"
      ],
      "unfree": false,
      "version": "0.14.2",
      "outputs_to_install": [
        "out"
      ],
      "outputs": {
        "out": "/nix/store/5fpxp6c5vqkmdp8azrm47qyc53wj8jv3-typst-0.14.2"
      },
      "system": "x86_64-linux",
      "group": "toplevel",
      "priority": 5
    }
  ]
}
